
Microsoft Visual Studio Solution File, Format Version 12.00
# Visual Studio Version 16
VisualStudioVersion = 16.0.30011.22
MinimumVisualStudioVersion = 10.0.40219.1
Project("{9A19103F-16F7-4668-BE54-9A1E7A4F7556}") = "BytexDigital.Blazor.Server.Authentication", "BytexDigital.Blazor.Server.Authentication\BytexDigital.Blazor.Server.Authentication.csproj", "{8D4ACE96-2485-4063-BF74-B57C0C185CB8}"
EndProject
Project("{2150E333-8FDC-42A3-9474-1A3956D46DE8}") = "GitHub", "GitHub", "{CBBBDA09-925E-47AA-A15F-E582A2CE8942}"
	ProjectSection(SolutionItems) = preProject
		LICENSE.md = LICENSE.md
		README.md = README.md
	EndProjectSection
EndProject
Project("{9A19103F-16F7-4668-BE54-9A1E7A4F7556}") = "BytexDigital.Blazor.Server.Authentication.Identity", "BytexDigital.Blazor.Server.Authentication.Identity\BytexDigital.Blazor.Server.Authentication.Identity.csproj", "{257DC29B-1305-4493-95FA-59413AD149F2}"
EndProject
Global
	GlobalSection(SolutionConfigurationPlatforms) = preSolution
		Debug|Any CPU = Debug|Any CPU
		Release|Any CPU = Release|Any CPU
	EndGlobalSection
	GlobalSection(ProjectConfigurationPlatforms) = postSolution
		{8D4ACE96-2485-4063-BF74-B57C0C185CB8}.Debug|Any CPU.ActiveCfg = Debug|Any CPU
		{8D4ACE96-2485-4063-BF74-B57C0C185CB8}.Debug|Any CPU.Build.0 = Debug|Any CPU
		{8D4ACE96-2485-4063-BF74-B57C0C185CB8}.Release|Any CPU.ActiveCfg = Release|Any CPU
		{8D4ACE96-2485-4063-BF74-B57C0C185CB8}.Release|Any CPU.Build.0 = Release|Any CPU
		{257DC29B-1305-4493-95FA-59413AD149F2}.Debug|Any CPU.ActiveCfg = Debug|Any CPU
		{257DC29B-1305-4493-95FA-59413AD149F2}.Debug|Any CPU.Build.0 = Debug|Any CPU
		{257DC29B-1305-4493-95FA-59413AD149F2}.Release|Any CPU.ActiveCfg = Release|Any CPU
		{257DC29B-1305-4493-95FA-59413AD149F2}.Release|Any CPU.Build.0 = Release|Any CPU
	EndGlobalSection
	GlobalSection(SolutionProperties) = preSolution
		HideSolutionNode = FALSE
	EndGlobalSection
	GlobalSection(ExtensibilityGlobals) = postSolution
		SolutionGuid = {3BF16924-5E77-49E0-BA95-01DAEA383382}
	EndGlobalSection
EndGlobal
